
Microsoft Visual Studio Solution File, Format Version 12.00
# Visual Studio 15
VisualStudioVersion = 15.0.28307.489
MinimumVisualStudioVersion = 10.0.40219.1
Project("{FAE04EC0-301F-11D3-BF4B-00C04F79EFBC}") = "Soudokan", "Soudokan\Soudokan.csproj", "{46AE7491-B696-447D-B57A-9F88028D9170}"
EndProject
Global
	GlobalSection(SolutionConfigurationPlatforms) = preSolution
		Debug|Any CPU = Debug|Any CPU
		Release|Any CPU = Release|Any CPU
	EndGlobalSection
	GlobalSection(ProjectConfigurationPlatforms) = postSolution
		{46AE7491-B696-447D-B57A-9F88028D9170}.Debug|Any CPU.ActiveCfg = Debug|Any CPU
		{46AE7491-B696-447D-B57A-9F88028D9170}.Debug|Any CPU.Build.0 = Debug|Any CPU
		{46AE7491-B696-447D-B57A-9F88028D9170}.Release|Any CPU.ActiveCfg = Release|Any CPU
		{46AE7491-B696-447D-B57A-9F88028D9170}.Release|Any CPU.Build.0 = Release|Any CPU
	EndGlobalSection
	GlobalSection(SolutionProperties) = preSolution
		HideSolutionNode = FALSE
	EndGlobalSection
	GlobalSection(ExtensibilityGlobals) = postSolution
		SolutionGuid = {C78D4617-8795-48D3-A96F-521D0D9DB66B}
	EndGlobalSection
EndGlobal
